PODS:
  - LBTAComponents (1.0.2)

DEPENDENCIES:
  - LBTAComponents (~> 1.0.2)

SPEC REPOS:
  https://github.com/CocoaPods/Specs.git:
    - LBTAComponents

SPEC CHECKSUMS:
  LBTAComponents: c4c8863e0ef6715e378300db148b96a09df656f7

PODFILE CHECKSUM: 122e0da6bdf483ceb873273f796ea3fab6cb0353

COCOAPODS: 1.5.0
